// !$*UTF8*$!
{
	archiveVersion = 1;
	classes = {
	};
	objectVersion = 56;
	objects = {

/* Begin PBXBuildFile section */
		6CCB96FC297D2C86000FF707 /* Student.storyboard in Resources */ = {isa = PBXBuildFile; fileRef = 6CCB96FA297D2C86000FF707 /* Student.storyboard */; };
		6CCB9701297D4227000FF707 /* StudentMoreInfoListViewController.swift in Sources */ = {isa = PBXBuildFile; fileRef = 6CCB9700297D4227000FF707 /* StudentMoreInfoListViewController.swift */; };
		6CCB9703297D43A4000FF707 /* StudentMoreInfoAddViewController.swift in Sources */ = {isa = PBXBuildFile; fileRef = 6CCB9702297D43A4000FF707 /* StudentMoreInfoAddViewController.swift */; };
		6CE5DF5229793DF000AE7883 /* AppDelegate.swift in Sources */ = {isa = PBXBuildFile; fileRef = 6CE5DF5129793DF000AE7883 /* AppDelegate.swift */; };
		6CE5DF5429793DF000AE7883 /* SceneDelegate.swift in Sources */ = {isa = PBXBuildFile; fileRef = 6CE5DF5329793DF000AE7883 /* SceneDelegate.swift */; };
		6CE5DF5629793DF000AE7883 /* StudentListViewController.swift in Sources */ = {isa = PBXBuildFile; fileRef = 6CE5DF5529793DF000AE7883 /* StudentListViewController.swift */; };
		6CE5DF5929793DF000AE7883 /* Main.storyboard in Resources */ = {isa = PBXBuildFile; fileRef = 6CE5DF5729793DF000AE7883 /* Main.storyboard */; };
		6CE5DF5C29793DF000AE7883 /* CoreData_Demo.xcdatamodeld in Sources */ = {isa = PBXBuildFile; fileRef = 6CE5DF5A29793DF000AE7883 /* CoreData_Demo.xcdatamodeld */; };
		6CE5DF5E29793DF100AE7883 /* Assets.xcassets in Resources */ = {isa = PBXBuildFile; fileRef = 6CE5DF5D29793DF100AE7883 /* Assets.xcassets */; };
		6CE5DF6129793DF100AE7883 /* LaunchScreen.storyboard in Resources */ = {isa = PBXBuildFile; fileRef = 6CE5DF5F29793DF100AE7883 /* LaunchScreen.storyboard */; };
		6CE5DF6C29793DF100AE7883 /* CoreData_DemoTests.swift in Sources */ = {isa = PBXBuildFile; fileRef = 6CE5DF6B29793DF100AE7883 /* CoreData_DemoTests.swift */; };
		6CE5DF7629793DF100AE7883 /* CoreData_DemoUITests.swift in Sources */ = {isa = PBXBuildFile; fileRef = 6CE5DF7529793DF100AE7883 /* CoreData_DemoUITests.swift */; };
		6CE5DF7829793DF100AE7883 /* CoreData_DemoUITestsLaunchTests.swift in Sources */ = {isa = PBXBuildFile; fileRef = 6CE5DF7729793DF100AE7883 /* CoreData_DemoUITestsLaunchTests.swift */; };
		6CE5DF872979487900AE7883 /* StudentAddViewController.swift in Sources */ = {isa = PBXBuildFile; fileRef = 6CE5DF862979487900AE7883 /* StudentAddViewController.swift */; };
		6CE5DF8A29794C9F00AE7883 /* DatabaseHelper.swift in Sources */ = {isa = PBXBuildFile; fileRef = 6CE5DF8929794C9F00AE7883 /* DatabaseHelper.swift */; };
		6CE5DF8E2979740000AE7883 /* StudentTableViewCell.swift in Sources */ = {isa = PBXBuildFile; fileRef = 6CE5DF8C2979740000AE7883 /* StudentTableViewCell.swift */; };
		6CE5DF8F2979740000AE7883 /* StudentTableViewCell.xib in Resources */ = {isa = PBXBuildFile; fileRef = 6CE5DF8D2979740000AE7883 /* StudentTableViewCell.xib */; };
		6CE6A067297AF385004E357A /* StudentDetailsViewController.swift in Sources */ = {isa = PBXBuildFile; fileRef = 6CE6A066297AF385004E357A /* StudentDetailsViewController.swift */; };
/* End PBXBuildFile section */

/* Begin PBXContainerItemProxy section */
		6CE5DF6829793DF100AE7883 /* PBXContainerItemProxy */ = {
			isa = PBXContainerItemProxy;
			containerPortal = 6CE5DF4629793DF000AE7883 /* Project object */;
			proxyType = 1;
			remoteGlobalIDString = 6CE5DF4D29793DF000AE7883;
			remoteInfo = "CoreData Demo";
		};
		6CE5DF7229793DF100AE7883 /* PBXContainerItemProxy */ = {
			isa = PBXContainerItemProxy;
			containerPortal = 6CE5DF4629793DF000AE7883 /* Project object */;
			proxyType = 1;
			remoteGlobalIDString = 6CE5DF4D29793DF000AE7883;
			remoteInfo = "CoreData Demo";
		};
/* End PBXContainerItemProxy section */

/* Begin PBXFileReference section */
		6CCB96FB297D2C86000FF707 /* Base */ = {isa = PBXFileReference; lastKnownFileType = file.storyboard; name = Base; path = "CoreData Demo/Controller/Base.lproj/Student.storyboard"; sourceTree = "<group>"; };
		6CCB9700297D4227000FF707 /* StudentMoreInfoListViewController.swift */ = {isa = PBXFileReference; lastKnownFileType = sourcecode.swift; path = StudentMoreInfoListViewController.swift; sourceTree = "<group>"; };
		6CCB9702297D43A4000FF707 /* StudentMoreInfoAddViewController.swift */ = {isa = PBXFileReference; lastKnownFileType = sourcecode.swift; path = StudentMoreInfoAddViewController.swift; sourceTree = "<group>"; };
		6CE5DF4E29793DF000AE7883 /* CoreData Demo.app */ = {isa = PBXFileReference; explicitFileType = wrapper.application; includeInIndex = 0; path = "CoreData Demo.app"; sourceTree = BUILT_PRODUCTS_DIR; };
		6CE5DF5129793DF000AE7883 /* AppDelegate.swift */ = {isa = PBXFileReference; lastKnownFileType = sourcecode.swift; path = AppDelegate.swift; sourceTree = "<group>"; };
		6CE5DF5329793DF000AE7883 /* SceneDelegate.swift */ = {isa = PBXFileReference; lastKnownFileType = sourcecode.swift; path = SceneDelegate.swift; sourceTree = "<group>"; };
		6CE5DF5529793DF000AE7883 /* StudentListViewController.swift */ = {isa = PBXFileReference; lastKnownFileType = sourcecode.swift; path = StudentListViewController.swift; sourceTree = "<group>"; };
		6CE5DF5829793DF000AE7883 /* Base */ = {isa = PBXFileReference; lastKnownFileType = file.storyboard; name = Base; path = Base.lproj/Main.storyboard; sourceTree = "<group>"; };
		6CE5DF5B29793DF000AE7883 /* CoreData_Demo.xcdatamodel */ = {isa = PBXFileReference; lastKnownFileType = wrapper.xcdatamodel; path = CoreData_Demo.xcdatamodel; sourceTree = "<group>"; };
		6CE5DF5D29793DF100AE7883 /* Assets.xcassets */ = {isa = PBXFileReference; lastKnownFileType = folder.assetcatalog; path = Assets.xcassets; sourceTree = "<group>"; };
		6CE5DF6029793DF100AE7883 /* Base */ = {isa = PBXFileReference; lastKnownFileType = file.storyboard; name = Base; path = Base.lproj/LaunchScreen.storyboard; sourceTree = "<group>"; };
		6CE5DF6229793DF100AE7883 /* Info.plist */ = {isa = PBXFileReference; lastKnownFileType = text.plist.xml; path = Info.plist; sourceTree = "<group>"; };
		6CE5DF6729793DF100AE7883 /* CoreData DemoTests.xctest */ = {isa = PBXFileReference; explicitFileType = wrapper.cfbundle; includeInIndex = 0; path = "CoreData DemoTests.xctest"; sourceTree = BUILT_PRODUCTS_DIR; };
		6CE5DF6B29793DF100AE7883 /* CoreData_DemoTests.swift */ = {isa = PBXFileReference; lastKnownFileType = sourcecode.swift; path = CoreData_DemoTests.swift; sourceTree = "<group>"; };
		6CE5DF7129793DF100AE7883 /* CoreData DemoUITests.xctest */ = {isa = PBXFileReference; explicitFileType = wrapper.cfbundle; includeInIndex = 0; path = "CoreData DemoUITests.xctest"; sourceTree = BUILT_PRODUCTS_DIR; };
		6CE5DF7529793DF100AE7883 /* CoreData_DemoUITests.swift */ = {isa = PBXFileReference; lastKnownFileType = sourcecode.swift; path = CoreData_DemoUITests.swift; sourceTree = "<group>"; };
		6CE5DF7729793DF100AE7883 /* CoreData_DemoUITestsLaunchTests.swift */ = {isa = PBXFileReference; lastKnownFileType = sourcecode.swift; path = CoreData_DemoUITestsLaunchTests.swift; sourceTree = "<group>"; };
		6CE5DF862979487900AE7883 /* StudentAddViewController.swift */ = {isa = PBXFileReference; lastKnownFileType = sourcecode.swift; path = StudentAddViewController.swift; sourceTree = "<group>"; };
		6CE5DF8929794C9F00AE7883 /* DatabaseHelper.swift */ = {isa = PBXFileReference; lastKnownFileType = sourcecode.swift; path = DatabaseHelper.swift; sourceTree = "<group>"; };
		6CE5DF8C2979740000AE7883 /* StudentTableViewCell.swift */ = {isa = PBXFileReference; lastKnownFileType = sourcecode.swift; path = StudentTableViewCell.swift; sourceTree = "<group>"; };
		6CE5DF8D2979740000AE7883 /* StudentTableViewCell.xib */ = {isa = PBXFileReference; lastKnownFileType = file.xib; path = StudentTableViewCell.xib; sourceTree = "<group>"; };
		6CE6A066297AF385004E357A /* StudentDetailsViewController.swift */ = {isa = PBXFileReference; lastKnownFileType = sourcecode.swift; path = StudentDetailsViewController.swift; sourceTree = "<group>"; };
/* End PBXFileReference section */

/* Begin PBXFrameworksBuildPhase section */
		6CE5DF4B29793DF000AE7883 /* Frameworks */ = {
			isa = PBXFrameworksBuildPhase;
			buildActionMask = 2147483647;
			files = (
			);
			runOnlyForDeploymentPostprocessing = 0;
		};
		6CE5DF6429793DF100AE7883 /* Frameworks */ = {
			isa = PBXFrameworksBuildPhase;
			buildActionMask = 2147483647;
			files = (
			);
			runOnlyForDeploymentPostprocessing = 0;
		};
		6CE5DF6E29793DF100AE7883 /* Frameworks */ = {
			isa = PBXFrameworksBuildPhase;
			buildActionMask = 2147483647;
			files = (
			);
			runOnlyForDeploymentPostprocessing = 0;
		};
/* End PBXFrameworksBuildPhase section */

/* Begin PBXGroup section */
		6CCB96FD297D2C93000FF707 /* StoryBoard */ = {
			isa = PBXGroup;
			children = (
				6CE5DF5729793DF000AE7883 /* Main.storyboard */,
				6CCB96FA297D2C86000FF707 /* Student.storyboard */,
			);
			path = StoryBoard;
			sourceTree = "<group>";
		};
		6CCB96FE297D419D000FF707 /* Student */ = {
			isa = PBXGroup;
			children = (
				6CE5DF5529793DF000AE7883 /* StudentListViewController.swift */,
				6CE6A066297AF385004E357A /* StudentDetailsViewController.swift */,
				6CE5DF862979487900AE7883 /* StudentAddViewController.swift */,
			);
			path = Student;
			sourceTree = "<group>";
		};
		6CCB96FF297D41C1000FF707 /* StudentMoreInfo */ = {
			isa = PBXGroup;
			children = (
				6CCB9700297D4227000FF707 /* StudentMoreInfoListViewController.swift */,
				6CCB9702297D43A4000FF707 /* StudentMoreInfoAddViewController.swift */,
			);
			path = StudentMoreInfo;
			sourceTree = "<group>";
		};
		6CE5DF4529793DF000AE7883 = {
			isa = PBXGroup;
			children = (
				6CE5DF5029793DF000AE7883 /* CoreData Demo */,
				6CE5DF6A29793DF100AE7883 /* CoreData DemoTests */,
				6CE5DF7429793DF100AE7883 /* CoreData DemoUITests */,
				6CE5DF4F29793DF000AE7883 /* Products */,
			);
			sourceTree = "<group>";
		};
		6CE5DF4F29793DF000AE7883 /* Products */ = {
			isa = PBXGroup;
			children = (
				6CE5DF4E29793DF000AE7883 /* CoreData Demo.app */,
				6CE5DF6729793DF100AE7883 /* CoreData DemoTests.xctest */,
				6CE5DF7129793DF100AE7883 /* CoreData DemoUITests.xctest */,
			);
			name = Products;
			sourceTree = "<group>";
		};
		6CE5DF5029793DF000AE7883 /* CoreData Demo */ = {
			isa = PBXGroup;
			children = (
				6CCB96FD297D2C93000FF707 /* StoryBoard */,
				6CE5DF8B297973D900AE7883 /* Cells */,
				6CE5DF8829794C2500AE7883 /* DatabaseHelper */,
				6CE5DF84297946D600AE7883 /* System */,
				6CE5DF85297946E400AE7883 /* Controller */,
				6CE5DF5D29793DF100AE7883 /* Assets.xcassets */,
				6CE5DF5F29793DF100AE7883 /* LaunchScreen.storyboard */,
				6CE5DF6229793DF100AE7883 /* Info.plist */,
				6CE5DF5A29793DF000AE7883 /* CoreData_Demo.xcdatamodeld */,
			);
			path = "CoreData Demo";
			sourceTree = "<group>";
		};
		6CE5DF6A29793DF100AE7883 /* CoreData DemoTests */ = {
			isa = PBXGroup;
			children = (
				6CE5DF6B29793DF100AE7883 /* CoreData_DemoTests.swift */,
			);
			path = "CoreData DemoTests";
			sourceTree = "<group>";
		};
		6CE5DF7429793DF100AE7883 /* CoreData DemoUITests */ = {
			isa = PBXGroup;
			children = (
				6CE5DF7529793DF100AE7883 /* CoreData_DemoUITests.swift */,
				6CE5DF7729793DF100AE7883 /* CoreData_DemoUITestsLaunchTests.swift */,
			);
			path = "CoreData DemoUITests";
			sourceTree = "<group>";
		};
		6CE5DF84297946D600AE7883 /* System */ = {
			isa = PBXGroup;
			children = (
				6CE5DF5129793DF000AE7883 /* AppDelegate.swift */,
				6CE5DF5329793DF000AE7883 /* SceneDelegate.swift */,
			);
			path = System;
			sourceTree = "<group>";
		};
		6CE5DF85297946E400AE7883 /* Controller */ = {
			isa = PBXGroup;
			children = (
				6CCB96FF297D41C1000FF707 /* StudentMoreInfo */,
				6CCB96FE297D419D000FF707 /* Student */,
			);
			path = Controller;
			sourceTree = "<group>";
		};
		6CE5DF8829794C2500AE7883 /* DatabaseHelper */ = {
			isa = PBXGroup;
			children = (
				6CE5DF8929794C9F00AE7883 /* DatabaseHelper.swift */,
			);
			path = DatabaseHelper;
			sourceTree = "<group>";
		};
		6CE5DF8B297973D900AE7883 /* Cells */ = {
			isa = PBXGroup;
			children = (
				6CE5DF8C2979740000AE7883 /* StudentTableViewCell.swift */,
				6CE5DF8D2979740000AE7883 /* StudentTableViewCell.xib */,
			);
			path = Cells;
			sourceTree = "<group>";
		};
/* End PBXGroup section */

/* Begin PBXNativeTarget section */
		6CE5DF4D29793DF000AE7883 /* CoreData Demo */ = {
			isa = PBXNativeTarget;
			buildConfigurationList = 6CE5DF7B29793DF100AE7883 /* Build configuration list for PBXNativeTarget "CoreData Demo" */;
			buildPhases = (
				6CE5DF4A29793DF000AE7883 /* Sources */,
				6CE5DF4B29793DF000AE7883 /* Frameworks */,
				6CE5DF4C29793DF000AE7883 /* Resources */,
			);
			buildRules = (
			);
			dependencies = (
			);
			name = "CoreData Demo";
			productName = "CoreData Demo";
			productReference = 6CE5DF4E29793DF000AE7883 /* CoreData Demo.app */;
			productType = "com.apple.product-type.application";
		};
		6CE5DF6629793DF100AE7883 /* CoreData DemoTests */ = {
			isa = PBXNativeTarget;
			buildConfigurationList = 6CE5DF7E29793DF100AE7883 /* Build configuration list for PBXNativeTarget "CoreData DemoTests" */;
			buildPhases = (
				6CE5DF6329793DF100AE7883 /* Sources */,
				6CE5DF6429793DF100AE7883 /* Frameworks */,
				6CE5DF6529793DF100AE7883 /* Resources */,
			);
			buildRules = (
			);
			dependencies = (
				6CE5DF6929793DF100AE7883 /* PBXTargetDependency */,
			);
			name = "CoreData DemoTests";
			productName = "CoreData DemoTests";
			productReference = 6CE5DF6729793DF100AE7883 /* CoreData DemoTests.xctest */;
			productType = "com.apple.product-type.bundle.unit-test";
		};
		6CE5DF7029793DF100AE7883 /* CoreData DemoUITests */ = {
			isa = PBXNativeTarget;
			buildConfigurationList = 6CE5DF8129793DF100AE7883 /* Build configuration list for PBXNativeTarget "CoreData DemoUITests" */;
			buildPhases = (
				6CE5DF6D29793DF100AE7883 /* Sources */,
				6CE5DF6E29793DF100AE7883 /* Frameworks */,
				6CE5DF6F29793DF100AE7883 /* Resources */,
			);
			buildRules = (
			);
			dependencies = (
				6CE5DF7329793DF100AE7883 /* PBXTargetDependency */,
			);
			name = "CoreData DemoUITests";
			productName = "CoreData DemoUITests";
			productReference = 6CE5DF7129793DF100AE7883 /* CoreData DemoUITests.xctest */;
			productType = "com.apple.product-type.bundle.ui-testing";
		};
/* End PBXNativeTarget section */

/* Begin PBXProject section */
		6CE5DF4629793DF000AE7883 /* Project object */ = {
			isa = PBXProject;
			attributes = {
				BuildIndependentTargetsInParallel = 1;
				LastSwiftUpdateCheck = 1420;
				LastUpgradeCheck = 1420;
				TargetAttributes = {
					6CE5DF4D29793DF000AE7883 = {
						CreatedOnToolsVersion = 14.2;
					};
					6CE5DF6629793DF100AE7883 = {
						CreatedOnToolsVersion = 14.2;
						TestTargetID = 6CE5DF4D29793DF000AE7883;
					};
					6CE5DF7029793DF100AE7883 = {
						CreatedOnToolsVersion = 14.2;
						TestTargetID = 6CE5DF4D29793DF000AE7883;
					};
				};
			};
			buildConfigurationList = 6CE5DF4929793DF000AE7883 /* Build configuration list for PBXProject "CoreData Demo" */;
			compatibilityVersion = "Xcode 14.0";
			developmentRegion = en;
			hasScannedForEncodings = 0;
			knownRegions = (
				en,
				Base,
			);
			mainGroup = 6CE5DF4529793DF000AE7883;
			productRefGroup = 6CE5DF4F29793DF000AE7883 /* Products */;
			projectDirPath = "";
			projectRoot = "";
			targets = (
				6CE5DF4D29793DF000AE7883 /* CoreData Demo */,
				6CE5DF6629793DF100AE7883 /* CoreData DemoTests */,
				6CE5DF7029793DF100AE7883 /* CoreData DemoUITests */,
			);
		};
/* End PBXProject section */

/* Begin PBXResourcesBuildPhase section */
		6CE5DF4C29793DF000AE7883 /* Resources */ = {
			isa = PBXResourcesBuildPhase;
			buildActionMask = 2147483647;
			files = (
				6CE5DF6129793DF100AE7883 /* LaunchScreen.storyboard in Resources */,
				6CE5DF5E29793DF100AE7883 /* Assets.xcassets in Resources */,
				6CE5DF5929793DF000AE7883 /* Main.storyboard in Resources */,
				6CE5DF8F2979740000AE7883 /* StudentTableViewCell.xib in Resources */,
				6CCB96FC297D2C86000FF707 /* Student.storyboard in Resources */,
			);
			runOnlyForDeploymentPostprocessing = 0;
		};
		6CE5DF6529793DF100AE7883 /* Resources */ = {
			isa = PBXResourcesBuildPhase;
			buildActionMask = 2147483647;
			files = (
			);
			runOnlyForDeploymentPostprocessing = 0;
		};
		6CE5DF6F29793DF100AE7883 /* Resources */ = {
			isa = PBXResourcesBuildPhase;
			buildActionMask = 2147483647;
			files = (
			);
			runOnlyForDeploymentPostprocessing = 0;
		};
/* End PBXResourcesBuildPhase section */

/* Begin PBXSourcesBuildPhase section */
		6CE5DF4A29793DF000AE7883 /* Sources */ = {
			isa = PBXSourcesBuildPhase;
			buildActionMask = 2147483647;
			files = (
				6CE5DF5629793DF000AE7883 /* StudentListViewController.swift in Sources */,
				6CE5DF5C29793DF000AE7883 /* CoreData_Demo.xcdatamodeld in Sources */,
				6CE5DF5229793DF000AE7883 /* AppDelegate.swift in Sources */,
				6CE5DF5429793DF000AE7883 /* SceneDelegate.swift in Sources */,
				6CE5DF8E2979740000AE7883 /* StudentTableViewCell.swift in Sources */,
				6CCB9701297D4227000FF707 /* StudentMoreInfoListViewController.swift in Sources */,
				6CE6A067297AF385004E357A /* StudentDetailsViewController.swift in Sources */,
				6CCB9703297D43A4000FF707 /* StudentMoreInfoAddViewController.swift in Sources */,
				6CE5DF8A29794C9F00AE7883 /* DatabaseHelper.swift in Sources */,
				6CE5DF872979487900AE7883 /* StudentAddViewController.swift in Sources */,
			);
			runOnlyForDeploymentPostprocessing = 0;
		};
		6CE5DF6329793DF100AE7883 /* Sources */ = {
			isa = PBXSourcesBuildPhase;
			buildActionMask = 2147483647;
			files = (
				6CE5DF6C29793DF100AE7883 /* CoreData_DemoTests.swift in Sources */,
			);
			runOnlyForDeploymentPostprocessing = 0;
		};
		6CE5DF6D29793DF100AE7883 /* Sources */ = {
			isa = PBXSourcesBuildPhase;
			buildActionMask = 2147483647;
			files = (
				6CE5DF7829793DF100AE7883 /* CoreData_DemoUITestsLaunchTests.swift in Sources */,
				6CE5DF7629793DF100AE7883 /* CoreData_DemoUITests.swift in Sources */,
			);
			runOnlyForDeploymentPostprocessing = 0;
		};
/* End PBXSourcesBuildPhase section */

/* Begin PBXTargetDependency section */
		6CE5DF6929793DF100AE7883 /* PBXTargetDependency */ = {
			isa = PBXTargetDependency;
			target = 6CE5DF4D29793DF000AE7883 /* CoreData Demo */;
			targetProxy = 6CE5DF6829793DF100AE7883 /* PBXContainerItemProxy */;
		};
		6CE5DF7329793DF100AE7883 /* PBXTargetDependency */ = {
			isa = PBXTargetDependency;
			target = 6CE5DF4D29793DF000AE7883 /* CoreData Demo */;
			targetProxy = 6CE5DF7229793DF100AE7883 /* PBXContainerItemProxy */;
		};
/* End PBXTargetDependency section */

/* Begin PBXVariantGroup section */
		6CCB96FA297D2C86000FF707 /* Student.storyboard */ = {
			isa = PBXVariantGroup;
			children = (
				6CCB96FB297D2C86000FF707 /* Base */,
			);
			name = Student.storyboard;
			sourceTree = "<group>";
		};
		6CE5DF5729793DF000AE7883 /* Main.storyboard */ = {
			isa = PBXVariantGroup;
			children = (
				6CE5DF5829793DF000AE7883 /* Base */,
			);
			name = Main.storyboard;
			sourceTree = "<group>";
		};
		6CE5DF5F29793DF100AE7883 /* LaunchScreen.storyboard */ = {
			isa = PBXVariantGroup;
			children = (
				6CE5DF6029793DF100AE7883 /* Base */,
			);
			name = LaunchScreen.storyboard;
			sourceTree = "<group>";
		};
/* End PBXVariantGroup section */

/* Begin XCBuildConfiguration section */
		6CE5DF7929793DF100AE7883 /* Debug */ = {
			isa = XCBuildConfiguration;
			buildSettings = {
				ALWAYS_SEARCH_USER_PATHS = NO;
				CLANG_ANALYZER_NONNULL = YES;
				CLANG_ANALYZER_NUMBER_OBJECT_CONVERSION = YES_AGGRESSIVE;
				CLANG_CXX_LANGUAGE_STANDARD = "gnu++20";
				CLANG_ENABLE_MODULES = YES;
				CLANG_ENABLE_OBJC_ARC = YES;
				CLANG_ENABLE_OBJC_WEAK = YES;
				CLANG_WARN_BLOCK_CAPTURE_AUTORELEASING = YES;
				CLANG_WARN_BOOL_CONVERSION = YES;
				CLANG_WARN_COMMA = YES;
				CLANG_WARN_CONSTANT_CONVERSION = YES;
				CLANG_WARN_DEPRECATED_OBJC_IMPLEMENTATIONS = YES;
				CLANG_WARN_DIRECT_OBJC_ISA_USAGE = YES_ERROR;
				CLANG_WARN_DOCUMENTATION_COMMENTS = YES;
				CLANG_WARN_EMPTY_BODY = YES;
				CLANG_WARN_ENUM_CONVERSION = YES;
				CLANG_WARN_INFINITE_RECURSION = YES;
				CLANG_WARN_INT_CONVERSION = YES;
				CLANG_WARN_NON_LITERAL_NULL_CONVERSION = YES;
				CLANG_WARN_OBJC_IMPLICIT_RETAIN_SELF = YES;
				CLANG_WARN_OBJC_LITERAL_CONVERSION = YES;
				CLANG_WARN_OBJC_ROOT_CLASS = YES_ERROR;
				CLANG_WARN_QUOTED_INCLUDE_IN_FRAMEWORK_HEADER = YES;
				CLANG_WARN_RANGE_LOOP_ANALYSIS = YES;
				CLANG_WARN_STRICT_PROTOTYPES = YES;
				CLANG_WARN_SUSPICIOUS_MOVE = YES;
				CLANG_WARN_UNGUARDED_AVAILABILITY = YES_AGGRESSIVE;
				CLANG_WARN_UNREACHABLE_CODE = YES;
				CLANG_WARN__DUPLICATE_METHOD_MATCH = YES;
				COPY_PHASE_STRIP = NO;
				DEBUG_INFORMATION_FORMAT = dwarf;
				ENABLE_STRICT_OBJC_MSGSEND = YES;
				ENABLE_TESTABILITY = YES;
				GCC_C_LANGUAGE_STANDARD = gnu11;
				GCC_DYNAMIC_NO_PIC = NO;
				GCC_NO_COMMON_BLOCKS = YES;
				GCC_OPTIMIZATION_LEVEL = 0;
				GCC_PREPROCESSOR_DEFINITIONS = (
					"DEBUG=1",
					"$(inherited)",
				);
				GCC_WARN_64_TO_32_BIT_CONVERSION = YES;
				GCC_WARN_ABOUT_RETURN_TYPE = YES_ERROR;
				GCC_WARN_UNDECLARED_SELECTOR = YES;
				GCC_WARN_UNINITIALIZED_AUTOS = YES_AGGRESSIVE;
				GCC_WARN_UNUSED_FUNCTION = YES;
				GCC_WARN_UNUSED_VARIABLE = YES;
				IPHONEOS_DEPLOYMENT_TARGET = 16.2;
				MTL_ENABLE_DEBUG_INFO = INCLUDE_SOURCE;
				MTL_FAST_MATH = YES;
				ONLY_ACTIVE_ARCH = YES;
				SDKROOT = iphoneos;
				SWIFT_ACTIVE_COMPILATION_CONDITIONS = DEBUG;
				SWIFT_OPTIMIZATION_LEVEL = "-Onone";
			};
			name = Debug;
		};
		6CE5DF7A29793DF100AE7883 /* Release */ = {
			isa = XCBuildConfiguration;
			buildSettings = {
				ALWAYS_SEARCH_USER_PATHS = NO;
				CLANG_ANALYZER_NONNULL = YES;
				CLANG_ANALYZER_NUMBER_OBJECT_CONVERSION = YES_AGGRESSIVE;
				CLANG_CXX_LANGUAGE_STANDARD = "gnu++20";
				CLANG_ENABLE_MODULES = YES;
				CLANG_ENABLE_OBJC_ARC = YES;
				CLANG_ENABLE_OBJC_WEAK = YES;
				CLANG_WARN_BLOCK_CAPTURE_AUTORELEASING = YES;
				CLANG_WARN_BOOL_CONVERSION = YES;
				CLANG_WARN_COMMA = YES;
				CLANG_WARN_CONSTANT_CONVERSION = YES;
				CLANG_WARN_DEPRECATED_OBJC_IMPLEMENTATIONS = YES;
				CLANG_WARN_DIRECT_OBJC_ISA_USAGE = YES_ERROR;
				CLANG_WARN_DOCUMENTATION_COMMENTS = YES;
				CLANG_WARN_EMPTY_BODY = YES;
				CLANG_WARN_ENUM_CONVERSION = YES;
				CLANG_WARN_INFINITE_RECURSION = YES;
				CLANG_WARN_INT_CONVERSION = YES;
				CLANG_WARN_NON_LITERAL_NULL_CONVERSION = YES;
				CLANG_WARN_OBJC_IMPLICIT_RETAIN_SELF = YES;
				CLANG_WARN_OBJC_LITERAL_CONVERSION = YES;
				CLANG_WARN_OBJC_ROOT_CLASS = YES_ERROR;
				CLANG_WARN_QUOTED_INCLUDE_IN_FRAMEWORK_HEADER = YES;
				CLANG_WARN_RANGE_LOOP_ANALYSIS = YES;
				CLANG_WARN_STRICT_PROTOTYPES = YES;
				CLANG_WARN_SUSPICIOUS_MOVE = YES;
				CLANG_WARN_UNGUARDED_AVAILABILITY = YES_AGGRESSIVE;
				CLANG_WARN_UNREACHABLE_CODE = YES;
				CLANG_WARN__DUPLICATE_METHOD_MATCH = YES;
				COPY_PHASE_STRIP = NO;
				DEBUG_INFORMATION_FORMAT = "dwarf-with-dsym";
				ENABLE_NS_ASSERTIONS = NO;
				ENABLE_STRICT_OBJC_MSGSEND = YES;
				GCC_C_LANGUAGE_STANDARD = gnu11;
				GCC_NO_COMMON_BLOCKS = YES;
				GCC_WARN_64_TO_32_BIT_CONVERSION = YES;
				GCC_WARN_ABOUT_RETURN_TYPE = YES_ERROR;
				GCC_WARN_UNDECLARED_SELECTOR = YES;
				GCC_WARN_UNINITIALIZED_AUTOS = YES_AGGRESSIVE;
				GCC_WARN_UNUSED_FUNCTION = YES;
				GCC_WARN_UNUSED_VARIABLE = YES;
				IPHONEOS_DEPLOYMENT_TARGET = 16.2;
				MTL_ENABLE_DEBUG_INFO = NO;
				MTL_FAST_MATH = YES;
				SDKROOT = iphoneos;
				SWIFT_COMPILATION_MODE = wholemodule;
				SWIFT_OPTIMIZATION_LEVEL = "-O";
				VALIDATE_PRODUCT = YES;
			};
			name = Release;
		};
		6CE5DF7C29793DF100AE7883 /* Debug */ = {
			isa = XCBuildConfiguration;
			buildSettings = {
				ASSETCATALOG_COMPILER_APPICON_NAME = AppIcon;
				ASSETCATALOG_COMPILER_GLOBAL_ACCENT_COLOR_NAME = AccentColor;
				CODE_SIGN_STYLE = Automatic;
				CURRENT_PROJECT_VERSION = 1;
				DEVELOPMENT_TEAM = 88MNYF3498;
				GENERATE_INFOPLIST_FILE = YES;
				INFOPLIST_FILE = "CoreData Demo/Info.plist";
				INFOPLIST_KEY_UIApplicationSupportsIndirectInputEvents = YES;
				INFOPLIST_KEY_UILaunchStoryboardName = LaunchScreen;
				INFOPLIST_KEY_UIMainStoryboardFile = Student;
				INFOPLIST_KEY_UISupportedInterfaceOrientations_iPad = "UIInterfaceOrientationPortrait UIInterfaceOrientationPortraitUpsideDown UIInterfaceOrientationLandscapeLeft UIInterfaceOrientationLandscapeRight";
				INFOPLIST_KEY_UISupportedInterfaceOrientations_iPhone = "UIInterfaceOrientationPortrait UIInterfaceOrientationLandscapeLeft UIInterfaceOrientationLandscapeRight";
				LD_RUNPATH_SEARCH_PATHS = (
					"$(inherited)",
					"@executable_path/Frameworks",
				);
				MARKETING_VERSION = 1.0;
				PRODUCT_BUNDLE_IDENTIFIER = "kashem.com.CoreData-Demo";
				PRODUCT_NAME = "$(TARGET_NAME)";
				SWIFT_EMIT_LOC_STRINGS = YES;
				SWIFT_VERSION = 5.0;
				TARGETED_DEVICE_FAMILY = "1,2";
			};
			name = Debug;
		};
		6CE5DF7D29793DF100AE7883 /* Release */ = {
			isa = XCBuildConfiguration;
			buildSettings = {
				ASSETCATALOG_COMPILER_APPICON_NAME = AppIcon;
				ASSETCATALOG_COMPILER_GLOBAL_ACCENT_COLOR_NAME = AccentColor;
				CODE_SIGN_STYLE = Automatic;
				CURRENT_PROJECT_VERSION = 1;
				DEVELOPMENT_TEAM = 88MNYF3498;
				GENERATE_INFOPLIST_FILE = YES;
				INFOPLIST_FILE = "CoreData Demo/Info.plist";
				INFOPLIST_KEY_UIApplicationSupportsIndirectInputEvents = YES;
				INFOPLIST_KEY_UILaunchStoryboardName = LaunchScreen;
				INFOPLIST_KEY_UIMainStoryboardFile = Student;
				INFOPLIST_KEY_UISupportedInterfaceOrientations_iPad = "UIInterfaceOrientationPortrait UIInterfaceOrientationPortraitUpsideDown UIInterfaceOrientationLandscapeLeft UIInterfaceOrientationLandscapeRight";
				INFOPLIST_KEY_UISupportedInterfaceOrientations_iPhone = "UIInterfaceOrientationPortrait UIInterfaceOrientationLandscapeLeft UIInterfaceOrientationLandscapeRight";
				LD_RUNPATH_SEARCH_PATHS = (
					"$(inherited)",
					"@executable_path/Frameworks",
				);
				MARKETING_VERSION = 1.0;
				PRODUCT_BUNDLE_IDENTIFIER = "kashem.com.CoreData-Demo";
				PRODUCT_NAME = "$(TARGET_NAME)";
				SWIFT_EMIT_LOC_STRINGS = YES;
				SWIFT_VERSION = 5.0;
				TARGETED_DEVICE_FAMILY = "1,2";
			};
			name = Release;
		};
		6CE5DF7F29793DF100AE7883 /* Debug */ = {
			isa = XCBuildConfiguration;
			buildSettings = {
				ALWAYS_EMBED_SWIFT_STANDARD_LIBRARIES = YES;
				BUNDLE_LOADER = "$(TEST_HOST)";
				CODE_SIGN_STYLE = Automatic;
				CURRENT_PROJECT_VERSION = 1;
				DEVELOPMENT_TEAM = 88MNYF3498;
				GENERATE_INFOPLIST_FILE = YES;
				IPHONEOS_DEPLOYMENT_TARGET = 16.2;
				MARKETING_VERSION = 1.0;
				PRODUCT_BUNDLE_IDENTIFIER = "kashem.com.CoreData-DemoTests";
				PRODUCT_NAME = "$(TARGET_NAME)";
				SWIFT_EMIT_LOC_STRINGS = NO;
				SWIFT_VERSION = 5.0;
				TARGETED_DEVICE_FAMILY = "1,2";
				TEST_HOST = "$(BUILT_PRODUCTS_DIR)/CoreData Demo.app/$(BUNDLE_EXECUTABLE_FOLDER_PATH)/CoreData Demo";
			};
			name = Debug;
		};
		6CE5DF8029793DF100AE7883 /* Release */ = {
			isa = XCBuildConfiguration;
			buildSettings = {
				ALWAYS_EMBED_SWIFT_STANDARD_LIBRARIES = YES;
				BUNDLE_LOADER = "$(TEST_HOST)";
				CODE_SIGN_STYLE = Automatic;
				CURRENT_PROJECT_VERSION = 1;
				DEVELOPMENT_TEAM = 88MNYF3498;
				GENERATE_INFOPLIST_FILE = YES;
				IPHONEOS_DEPLOYMENT_TARGET = 16.2;
				MARKETING_VERSION = 1.0;
				PRODUCT_BUNDLE_IDENTIFIER = "kashem.com.CoreData-DemoTests";
				PRODUCT_NAME = "$(TARGET_NAME)";
				SWIFT_EMIT_LOC_STRINGS = NO;
				SWIFT_VERSION = 5.0;
				TARGETED_DEVICE_FAMILY = "1,2";
				TEST_HOST = "$(BUILT_PRODUCTS_DIR)/CoreData Demo.app/$(BUNDLE_EXECUTABLE_FOLDER_PATH)/CoreData Demo";
			};
			name = Release;
		};
		6CE5DF8229793DF100AE7883 /* Debug */ = {
			isa = XCBuildConfiguration;
			buildSettings = {
				ALWAYS_EMBED_SWIFT_STANDARD_LIBRARIES = YES;
				CODE_SIGN_STYLE = Automatic;
				CURRENT_PROJECT_VERSION = 1;
				DEVELOPMENT_TEAM = 88MNYF3498;
				GENERATE_INFOPLIST_FILE = YES;
				MARKETING_VERSION = 1.0;
				PRODUCT_BUNDLE_IDENTIFIER = "kashem.com.CoreData-DemoUITests";
				PRODUCT_NAME = "$(TARGET_NAME)";
				SWIFT_EMIT_LOC_STRINGS = NO;
				SWIFT_VERSION = 5.0;
				TARGETED_DEVICE_FAMILY = "1,2";
				TEST_TARGET_NAME = "CoreData Demo";
			};
			name = Debug;
		};
		6CE5DF8329793DF100AE7883 /* Release */ = {
			isa = XCBuildConfiguration;
			buildSettings = {
				ALWAYS_EMBED_SWIFT_STANDARD_LIBRARIES = YES;
				CODE_SIGN_STYLE = Automatic;
				CURRENT_PROJECT_VERSION = 1;
				DEVELOPMENT_TEAM = 88MNYF3498;
				GENERATE_INFOPLIST_FILE = YES;
				MARKETING_VERSION = 1.0;
				PRODUCT_BUNDLE_IDENTIFIER = "kashem.com.CoreData-DemoUITests";
				PRODUCT_NAME = "$(TARGET_NAME)";
				SWIFT_EMIT_LOC_STRINGS = NO;
				SWIFT_VERSION = 5.0;
				TARGETED_DEVICE_FAMILY = "1,2";
				TEST_TARGET_NAME = "CoreData Demo";
			};
			name = Release;
		};
/* End XCBuildConfiguration section */

/* Begin XCConfigurationList section */
		6CE5DF4929793DF000AE7883 /* Build configuration list for PBXProject "CoreData Demo" */ = {
			isa = XCConfigurationList;
			buildConfigurations = (
				6CE5DF7929793DF100AE7883 /* Debug */,
				6CE5DF7A29793DF100AE7883 /* Release */,
			);
			defaultConfigurationIsVisible = 0;
			defaultConfigurationName = Release;
		};
		6CE5DF7B29793DF100AE7883 /* Build configuration list for PBXNativeTarget "CoreData Demo" */ = {
			isa = XCConfigurationList;
			buildConfigurations = (
				6CE5DF7C29793DF100AE7883 /* Debug */,
				6CE5DF7D29793DF100AE7883 /* Release */,
			);
			defaultConfigurationIsVisible = 0;
			defaultConfigurationName = Release;
		};
		6CE5DF7E29793DF100AE7883 /* Build configuration list for PBXNativeTarget "CoreData DemoTests" */ = {
			isa = XCConfigurationList;
			buildConfigurations = (
				6CE5DF7F29793DF100AE7883 /* Debug */,
				6CE5DF8029793DF100AE7883 /* Release */,
			);
			defaultConfigurationIsVisible = 0;
			defaultConfigurationName = Release;
		};
		6CE5DF8129793DF100AE7883 /* Build configuration list for PBXNativeTarget "CoreData DemoUITests" */ = {
			isa = XCConfigurationList;
			buildConfigurations = (
				6CE5DF8229793DF100AE7883 /* Debug */,
				6CE5DF8329793DF100AE7883 /* Release */,
			);
			defaultConfigurationIsVisible = 0;
			defaultConfigurationName = Release;
		};
/* End XCConfigurationList section */

/* Begin XCVersionGroup section */
		6CE5DF5A29793DF000AE7883 /* CoreData_Demo.xcdatamodeld */ = {
			isa = XCVersionGroup;
			children = (
				6CE5DF5B29793DF000AE7883 /* CoreData_Demo.xcdatamodel */,
			);
			currentVersion = 6CE5DF5B29793DF000AE7883 /* CoreData_Demo.xcdatamodel */;
			path = CoreData_Demo.xcdatamodeld;
			sourceTree = "<group>";
			versionGroupType = wrapper.xcdatamodel;
		};
/* End XCVersionGroup section */
	};
	rootObject = 6CE5DF4629793DF000AE7883 /* Project object */;
}
